
Microsoft Visual Studio Solution File, Format Version 12.00
# Visual Studio Version 17
VisualStudioVersion = 17.5.33627.172
MinimumVisualStudioVersion = 10.0.40219.1
Project("{9A19103F-16F7-4668-BE54-9A1E7A4F7556}") = "Task1", "OOPexample\Task1.csproj", "{B992703F-18B4-4C18-A2BD-BB61A37971D8}"
EndProject
Global
	GlobalSection(SolutionConfigurationPlatforms) = preSolution
		Debug|Any CPU = Debug|Any CPU
		Release|Any CPU = Release|Any CPU
	EndGlobalSection
	GlobalSection(ProjectConfigurationPlatforms) = postSolution
		{B992703F-18B4-4C18-A2BD-BB61A37971D8}.Debug|Any CPU.ActiveCfg = Debug|Any CPU
		{B992703F-18B4-4C18-A2BD-BB61A37971D8}.Debug|Any CPU.Build.0 = Debug|Any CPU
		{B992703F-18B4-4C18-A2BD-BB61A37971D8}.Release|Any CPU.ActiveCfg = Release|Any CPU
		{B992703F-18B4-4C18-A2BD-BB61A37971D8}.Release|Any CPU.Build.0 = Release|Any CPU
	EndGlobalSection
	GlobalSection(SolutionProperties) = preSolution
		HideSolutionNode = FALSE
	EndGlobalSection
	GlobalSection(ExtensibilityGlobals) = postSolution
		SolutionGuid = {4F855526-9D29-4339-96F2-930B6DAEA5F1}
	EndGlobalSection
EndGlobal
